
Microsoft Visual Studio Solution File, Format Version 12.00
# Visual Studio 15
VisualStudioVersion = 15.0.28307.1022
MinimumVisualStudioVersion = 10.0.40219.1
Project("{FAE04EC0-301F-11D3-BF4B-00C04F79EFBC}") = "Dealer ASP", "Dealer ASP\Dealer ASP.csproj", "{A68863D2-BC29-40A8-9D71-42F89DA0E1B2}"
EndProject
Global
	GlobalSection(SolutionConfigurationPlatforms) = preSolution
		Debug|Any CPU = Debug|Any CPU
		Release|Any CPU = Release|Any CPU
	EndGlobalSection
	GlobalSection(ProjectConfigurationPlatforms) = postSolution
		{A68863D2-BC29-40A8-9D71-42F89DA0E1B2}.Debug|Any CPU.ActiveCfg = Debug|Any CPU
		{A68863D2-BC29-40A8-9D71-42F89DA0E1B2}.Debug|Any CPU.Build.0 = Debug|Any CPU
		{A68863D2-BC29-40A8-9D71-42F89DA0E1B2}.Release|Any CPU.ActiveCfg = Release|Any CPU
		{A68863D2-BC29-40A8-9D71-42F89DA0E1B2}.Release|Any CPU.Build.0 = Release|Any CPU
	EndGlobalSection
	GlobalSection(SolutionProperties) = preSolution
		HideSolutionNode = FALSE
	EndGlobalSection
	GlobalSection(ExtensibilityGlobals) = postSolution
		SolutionGuid = {C4509F18-60BC-4B55-80F6-5D83BDA5E723}
	EndGlobalSection
EndGlobal
